
Microsoft Visual Studio Solution File, Format Version 12.00
# Visual Studio Version 17
VisualStudioVersion = 17.5.33627.172
MinimumVisualStudioVersion = 10.0.40219.1
Project("{FAE04EC0-301F-11D3-BF4B-00C04F79EFBC}") = "UserLoginSample", "UserLoginSample\UserLoginSample.csproj", "{A607CFD4-B971-4290-B99F-3BA23ECD3E1F}"
EndProject
Project("{FAE04EC0-301F-11D3-BF4B-00C04F79EFBC}") = "UserLoginSample.Tests", "UserLoginSample.Tests\UserLoginSample.Tests.csproj", "{6141C5C5-A062-4051-8ADA-0A3A5E74FD3B}"
EndProject
Global
	GlobalSection(SolutionConfigurationPlatforms) = preSolution
		Debug|Any CPU = Debug|Any CPU
		Release|Any CPU = Release|Any CPU
	EndGlobalSection
	GlobalSection(ProjectConfigurationPlatforms) = postSolution
		{A607CFD4-B971-4290-B99F-3BA23ECD3E1F}.Debug|Any CPU.ActiveCfg = Debug|Any CPU
		{A607CFD4-B971-4290-B99F-3BA23ECD3E1F}.Debug|Any CPU.Build.0 = Debug|Any CPU
		{A607CFD4-B971-4290-B99F-3BA23ECD3E1F}.Release|Any CPU.ActiveCfg = Release|Any CPU
		{A607CFD4-B971-4290-B99F-3BA23ECD3E1F}.Release|Any CPU.Build.0 = Release|Any CPU
		{6141C5C5-A062-4051-8ADA-0A3A5E74FD3B}.Debug|Any CPU.ActiveCfg = Debug|Any CPU
		{6141C5C5-A062-4051-8ADA-0A3A5E74FD3B}.Debug|Any CPU.Build.0 = Debug|Any CPU
		{6141C5C5-A062-4051-8ADA-0A3A5E74FD3B}.Release|Any CPU.ActiveCfg = Release|Any CPU
		{6141C5C5-A062-4051-8ADA-0A3A5E74FD3B}.Release|Any CPU.Build.0 = Release|Any CPU
	EndGlobalSection
	GlobalSection(SolutionProperties) = preSolution
		HideSolutionNode = FALSE
	EndGlobalSection
	GlobalSection(ExtensibilityGlobals) = postSolution
		SolutionGuid = {7D69B830-605E-4F8E-BE7D-631567B816BD}
	EndGlobalSection
EndGlobal
